// !$*UTF8*$!
{
	archiveVersion = 1;
	classes = {
	};
	objectVersion = 46;
	objects = {

/* Begin PBXBuildFile section */
		1493C9CF1AFB078B00F5E7D4 /* Foundation.framework in Frameworks */ = {isa = PBXBuildFile; fileRef = 1493C9CE1AFB078B00F5E7D4 /* Foundation.framework */; };
		1493C9D11AFB078B00F5E7D4 /* CoreGraphics.framework in Frameworks */ = {isa = PBXBuildFile; fileRef = 1493C9D01AFB078B00F5E7D4 /* CoreGraphics.framework */; };
		1493C9D31AFB078B00F5E7D4 /* UIKit.framework in Frameworks */ = {isa = PBXBuildFile; fileRef = 1493C9D21AFB078B00F5E7D4 /* UIKit.framework */; };
		1493C9D91AFB078B00F5E7D4 /* InfoPlist.strings in Resources */ = {isa = PBXBuildFile; fileRef = 1493C9D71AFB078B00F5E7D4 /* InfoPlist.strings */; };
		1493C9DB1AFB078B00F5E7D4 /* main.m in Sources */ = {isa = PBXBuildFile; fileRef = 1493C9DA1AFB078B00F5E7D4 /* main.m */; };
		1493C9DF1AFB078B00F5E7D4 /* AppDelegate.m in Sources */ = {isa = PBXBuildFile; fileRef = 1493C9DE1AFB078B00F5E7D4 /* AppDelegate.m */; };
		1493C9E11AFB078B00F5E7D4 /* Images.xcassets in Resources */ = {isa = PBXBuildFile; fileRef = 1493C9E01AFB078B00F5E7D4 /* Images.xcassets */; };
		1493C9E81AFB078B00F5E7D4 /* XCTest.framework in Frameworks */ = {isa = PBXBuildFile; fileRef = 1493C9E71AFB078B00F5E7D4 /* XCTest.framework */; };
		1493C9E91AFB078B00F5E7D4 /* Foundation.framework in Frameworks */ = {isa = PBXBuildFile; fileRef = 1493C9CE1AFB078B00F5E7D4 /* Foundation.framework */; };
		1493C9EA1AFB078B00F5E7D4 /* UIKit.framework in Frameworks */ = {isa = PBXBuildFile; fileRef = 1493C9D21AFB078B00F5E7D4 /* UIKit.framework */; };
		1493C9F21AFB078B00F5E7D4 /* InfoPlist.strings in Resources */ = {isa = PBXBuildFile; fileRef = 1493C9F01AFB078B00F5E7D4 /* InfoPlist.strings */; };
		1493C9F41AFB078B00F5E7D4 /* VelhaManiaTests.m in Sources */ = {isa = PBXBuildFile; fileRef = 1493C9F31AFB078B00F5E7D4 /* VelhaManiaTests.m */; };
/* End PBXBuildFile section */

/* Begin PBXContainerItemProxy section */
		1493C9EB1AFB078B00F5E7D4 /* PBXContainerItemProxy */ = {
			isa = PBXContainerItemProxy;
			containerPortal = 1493C9C31AFB078B00F5E7D4 /* Project object */;
			proxyType = 1;
			remoteGlobalIDString = 1493C9CA1AFB078B00F5E7D4;
			remoteInfo = VelhaMania;
		};
/* End PBXContainerItemProxy section */

/* Begin PBXFileReference section */
		1493C9CB1AFB078B00F5E7D4 /* VelhaMania.app */ = {isa = PBXFileReference; explicitFileType = wrapper.application; includeInIndex = 0; path = VelhaMania.app; sourceTree = BUILT_PRODUCTS_DIR; };
		1493C9CE1AFB078B00F5E7D4 /* Foundation.framework */ = {isa = PBXFileReference; lastKnownFileType = wrapper.framework; name = Foundation.framework; path = System/Library/Frameworks/Foundation.framework; sourceTree = SDKROOT; };
		1493C9D01AFB078B00F5E7D4 /* CoreGraphics.framework */ = {isa = PBXFileReference; lastKnownFileType = wrapper.framework; name = CoreGraphics.framework; path = System/Library/Frameworks/CoreGraphics.framework; sourceTree = SDKROOT; };
		1493C9D21AFB078B00F5E7D4 /* UIKit.framework */ = {isa = PBXFileReference; lastKnownFileType = wrapper.framework; name = UIKit.framework; path = System/Library/Frameworks/UIKit.framework; sourceTree = SDKROOT; };
		1493C9D61AFB078B00F5E7D4 /* VelhaMania-Info.plist */ = {isa = PBXFileReference; lastKnownFileType = text.plist.xml; path = "VelhaMania-Info.plist"; sourceTree = "<group>"; };
		1493C9D81AFB078B00F5E7D4 /* en */ = {isa = PBXFileReference; lastKnownFileType = text.plist.strings; name = en; path = en.lproj/InfoPlist.strings; sourceTree = "<group>"; };
		1493C9DA1AFB078B00F5E7D4 /* main.m */ = {isa = PBXFileReference; lastKnownFileType = sourcecode.c.objc; path = main.m; sourceTree = "<group>"; };
		1493C9DC1AFB078B00F5E7D4 /* VelhaMania-Prefix.pch */ = {isa = PBXFileReference; lastKnownFileType = sourcecode.c.h; path = "VelhaMania-Prefix.pch"; sourceTree = "<group>"; };
		1493C9DD1AFB078B00F5E7D4 /* AppDelegate.h */ = {isa = PBXFileReference; lastKnownFileType = sourcecode.c.h; path = AppDelegate.h; sourceTree = "<group>"; };
		1493C9DE1AFB078B00F5E7D4 /* AppDelegate.m */ = {isa = PBXFileReference; lastKnownFileType = sourcecode.c.objc; path = AppDelegate.m; sourceTree = "<group>"; };
		1493C9E01AFB078B00F5E7D4 /* Images.xcassets */ = {isa = PBXFileReference; lastKnownFileType = folder.assetcatalog; path = Images.xcassets; sourceTree = "<group>"; };
		1493C9E61AFB078B00F5E7D4 /* VelhaManiaTests.xctest */ = {isa = PBXFileReference; explicitFileType = wrapper.cfbundle; includeInIndex = 0; path = VelhaManiaTests.xctest; sourceTree = BUILT_PRODUCTS_DIR; };
		1493C9E71AFB078B00F5E7D4 /* XCTest.framework */ = {isa = PBXFileReference; lastKnownFileType = wrapper.framework; name = XCTest.framework; path = Library/Frameworks/XCTest.framework; sourceTree = DEVELOPER_DIR; };
		1493C9EF1AFB078B00F5E7D4 /* VelhaManiaTests-Info.plist */ = {isa = PBXFileReference; lastKnownFileType = text.plist.xml; path = "VelhaManiaTests-Info.plist"; sourceTree = "<group>"; };
		1493C9F11AFB078B00F5E7D4 /* en */ = {isa = PBXFileReference; lastKnownFileType = text.plist.strings; name = en; path = en.lproj/InfoPlist.strings; sourceTree = "<group>"; };
		1493C9F31AFB078B00F5E7D4 /* VelhaManiaTests.m */ = {isa = PBXFileReference; lastKnownFileType = sourcecode.c.objc; path = VelhaManiaTests.m; sourceTree = "<group>"; };
/* End PBXFileReference section */

/* Begin PBXFrameworksBuildPhase section */
		1493C9C81AFB078B00F5E7D4 /* Frameworks */ = {
			isa = PBXFrameworksBuildPhase;
			buildActionMask = 2147483647;
			files = (
				1493C9D11AFB078B00F5E7D4 /* CoreGraphics.framework in Frameworks */,
				1493C9D31AFB078B00F5E7D4 /* UIKit.framework in Frameworks */,
				1493C9CF1AFB078B00F5E7D4 /* Foundation.framework in Frameworks */,
			);
			runOnlyForDeploymentPostprocessing = 0;
		};
		1493C9E31AFB078B00F5E7D4 /* Frameworks */ = {
			isa = PBXFrameworksBuildPhase;
			buildActionMask = 2147483647;
			files = (
				1493C9E81AFB078B00F5E7D4 /* XCTest.framework in Frameworks */,
				1493C9EA1AFB078B00F5E7D4 /* UIKit.framework in Frameworks */,
				1493C9E91AFB078B00F5E7D4 /* Foundation.framework in Frameworks */,
			);
			runOnlyForDeploymentPostprocessing = 0;
		};
/* End PBXFrameworksBuildPhase section */

/* Begin PBXGroup section */
		1493C9C21AFB078B00F5E7D4 = {
			isa = PBXGroup;
			children = (
				1493C9D41AFB078B00F5E7D4 /* VelhaMania */,
				1493C9ED1AFB078B00F5E7D4 /* VelhaManiaTests */,
				1493C9CD1AFB078B00F5E7D4 /* Frameworks */,
				1493C9CC1AFB078B00F5E7D4 /* Products */,
			);
			sourceTree = "<group>";
		};
		1493C9CC1AFB078B00F5E7D4 /* Products */ = {
			isa = PBXGroup;
			children = (
				1493C9CB1AFB078B00F5E7D4 /* VelhaMania.app */,
				1493C9E61AFB078B00F5E7D4 /* VelhaManiaTests.xctest */,
			);
			name = Products;
			sourceTree = "<group>";
		};
		1493C9CD1AFB078B00F5E7D4 /* Frameworks */ = {
			isa = PBXGroup;
			children = (
				1493C9CE1AFB078B00F5E7D4 /* Foundation.framework */,
				1493C9D01AFB078B00F5E7D4 /* CoreGraphics.framework */,
				1493C9D21AFB078B00F5E7D4 /* UIKit.framework */,
				1493C9E71AFB078B00F5E7D4 /* XCTest.framework */,
			);
			name = Frameworks;
			sourceTree = "<group>";
		};
		1493C9D41AFB078B00F5E7D4 /* VelhaMania */ = {
			isa = PBXGroup;
			children = (
				1493C9DD1AFB078B00F5E7D4 /* AppDelegate.h */,
				1493C9DE1AFB078B00F5E7D4 /* AppDelegate.m */,
				1493C9E01AFB078B00F5E7D4 /* Images.xcassets */,
				1493C9D51AFB078B00F5E7D4 /* Supporting Files */,
			);
			path = VelhaMania;
			sourceTree = "<group>";
		};
		1493C9D51AFB078B00F5E7D4 /* Supporting Files */ = {
			isa = PBXGroup;
			children = (
				1493C9D61AFB078B00F5E7D4 /* VelhaMania-Info.plist */,
				1493C9D71AFB078B00F5E7D4 /* InfoPlist.strings */,
				1493C9DA1AFB078B00F5E7D4 /* main.m */,
				1493C9DC1AFB078B00F5E7D4 /* VelhaMania-Prefix.pch */,
			);
			name = "Supporting Files";
			sourceTree = "<group>";
		};
		1493C9ED1AFB078B00F5E7D4 /* VelhaManiaTests */ = {
			isa = PBXGroup;
			children = (
				1493C9F31AFB078B00F5E7D4 /* VelhaManiaTests.m */,
				1493C9EE1AFB078B00F5E7D4 /* Supporting Files */,
			);
			path = VelhaManiaTests;
			sourceTree = "<group>";
		};
		1493C9EE1AFB078B00F5E7D4 /* Supporting Files */ = {
			isa = PBXGroup;
			children = (
				1493C9EF1AFB078B00F5E7D4 /* VelhaManiaTests-Info.plist */,
				1493C9F01AFB078B00F5E7D4 /* InfoPlist.strings */,
			);
			name = "Supporting Files";
			sourceTree = "<group>";
		};
/* End PBXGroup section */

/* Begin PBXNativeTarget section */
		1493C9CA1AFB078B00F5E7D4 /* VelhaMania */ = {
			isa = PBXNativeTarget;
			buildConfigurationList = 1493C9F71AFB078B00F5E7D4 /* Build configuration list for PBXNativeTarget "VelhaMania" */;
			buildPhases = (
				1493C9C71AFB078B00F5E7D4 /* Sources */,
				1493C9C81AFB078B00F5E7D4 /* Frameworks */,
				1493C9C91AFB078B00F5E7D4 /* Resources */,
			);
			buildRules = (
			);
			dependencies = (
			);
			name = VelhaMania;
			productName = VelhaMania;
			productReference = 1493C9CB1AFB078B00F5E7D4 /* VelhaMania.app */;
			productType = "com.apple.product-type.application";
		};
		1493C9E51AFB078B00F5E7D4 /* VelhaManiaTests */ = {
			isa = PBXNativeTarget;
			buildConfigurationList = 1493C9FA1AFB078B00F5E7D4 /* Build configuration list for PBXNativeTarget "VelhaManiaTests" */;
			buildPhases = (
				1493C9E21AFB078B00F5E7D4 /* Sources */,
				1493C9E31AFB078B00F5E7D4 /* Frameworks */,
				1493C9E41AFB078B00F5E7D4 /* Resources */,
			);
			buildRules = (
			);
			dependencies = (
				1493C9EC1AFB078B00F5E7D4 /* PBXTargetDependency */,
			);
			name = VelhaManiaTests;
			productName = VelhaManiaTests;
			productReference = 1493C9E61AFB078B00F5E7D4 /* VelhaManiaTests.xctest */;
			productType = "com.apple.product-type.bundle.unit-test";
		};
/* End PBXNativeTarget section */

/* Begin PBXProject section */
		1493C9C31AFB078B00F5E7D4 /* Project object */ = {
			isa = PBXProject;
			attributes = {
				LastUpgradeCheck = 0510;
				ORGANIZATIONNAME = "Little Dice Gamee";
				TargetAttributes = {
					1493C9E51AFB078B00F5E7D4 = {
						TestTargetID = 1493C9CA1AFB078B00F5E7D4;
					};
				};
			};
			buildConfigurationList = 1493C9C61AFB078B00F5E7D4 /* Build configuration list for PBXProject "VelhaMania" */;
			compatibilityVersion = "Xcode 3.2";
			developmentRegion = English;
			hasScannedForEncodings = 0;
			knownRegions = (
				en,
			);
			mainGroup = 1493C9C21AFB078B00F5E7D4;
			productRefGroup = 1493C9CC1AFB078B00F5E7D4 /* Products */;
			projectDirPath = "";
			projectRoot = "";
			targets = (
				1493C9CA1AFB078B00F5E7D4 /* VelhaMania */,
				1493C9E51AFB078B00F5E7D4 /* VelhaManiaTests */,
			);
		};
/* End PBXProject section */

/* Begin PBXResourcesBuildPhase section */
		1493C9C91AFB078B00F5E7D4 /* Resources */ = {
			isa = PBXResourcesBuildPhase;
			buildActionMask = 2147483647;
			files = (
				1493C9D91AFB078B00F5E7D4 /* InfoPlist.strings in Resources */,
				1493C9E11AFB078B00F5E7D4 /* Images.xcassets in Resources */,
			);
			runOnlyForDeploymentPostprocessing = 0;
		};
		1493C9E41AFB078B00F5E7D4 /* Resources */ = {
			isa = PBXResourcesBuildPhase;
			buildActionMask = 2147483647;
			files = (
				1493C9F21AFB078B00F5E7D4 /* InfoPlist.strings in Resources */,
			);
			runOnlyForDeploymentPostprocessing = 0;
		};
/* End PBXResourcesBuildPhase section */

/* Begin PBXSourcesBuildPhase section */
		1493C9C71AFB078B00F5E7D4 /* Sources */ = {
			isa = PBXSourcesBuildPhase;
			buildActionMask = 2147483647;
			files = (
				1493C9DF1AFB078B00F5E7D4 /* AppDelegate.m in Sources */,
				1493C9DB1AFB078B00F5E7D4 /* main.m in Sources */,
			);
			runOnlyForDeploymentPostprocessing = 0;
		};
		1493C9E21AFB078B00F5E7D4 /* Sources */ = {
			isa = PBXSourcesBuildPhase;
			buildActionMask = 2147483647;
			files = (
				1493C9F41AFB078B00F5E7D4 /* VelhaManiaTests.m in Sources */,
			);
			runOnlyForDeploymentPostprocessing = 0;
		};
/* End PBXSourcesBuildPhase section */

/* Begin PBXTargetDependency section */
		1493C9EC1AFB078B00F5E7D4 /* PBXTargetDependency */ = {
			isa = PBXTargetDependency;
			target = 1493C9CA1AFB078B00F5E7D4 /* VelhaMania */;
			targetProxy = 1493C9EB1AFB078B00F5E7D4 /* PBXContainerItemProxy */;
		};
/* End PBXTargetDependency section */

/* Begin PBXVariantGroup section */
		1493C9D71AFB078B00F5E7D4 /* InfoPlist.strings */ = {
			isa = PBXVariantGroup;
			children = (
				1493C9D81AFB078B00F5E7D4 /* en */,
			);
			name = InfoPlist.strings;
			sourceTree = "<group>";
		};
		1493C9F01AFB078B00F5E7D4 /* InfoPlist.strings */ = {
			isa = PBXVariantGroup;
			children = (
				1493C9F11AFB078B00F5E7D4 /* en */,
			);
			name = InfoPlist.strings;
			sourceTree = "<group>";
		};
/* End PBXVariantGroup section */

/* Begin XCBuildConfiguration section */
		1493C9F51AFB078B00F5E7D4 /* Debug */ = {
			isa = XCBuildConfiguration;
			buildSettings = {
				ALWAYS_SEARCH_USER_PATHS = NO;
				CLANG_CXX_LANGUAGE_STANDARD = "gnu++0x";
				CLANG_CXX_LIBRARY = "libc++";
				CLANG_ENABLE_MODULES = YES;
				CLANG_ENABLE_OBJC_ARC = YES;
				CLANG_WARN_BOOL_CONVERSION = YES;
				CLANG_WARN_CONSTANT_CONVERSION = YES;
				CLANG_WARN_DIRECT_OBJC_ISA_USAGE = YES_ERROR;
				CLANG_WARN_EMPTY_BODY = YES;
				CLANG_WARN_ENUM_CONVERSION = YES;
				CLANG_WARN_INT_CONVERSION = YES;
				CLANG_WARN_OBJC_ROOT_CLASS = YES_ERROR;
				CLANG_WARN__DUPLICATE_METHOD_MATCH = YES;
				"CODE_SIGN_IDENTITY[sdk=iphoneos*]" = "iPhone Developer";
				COPY_PHASE_STRIP = NO;
				GCC_C_LANGUAGE_STANDARD = gnu99;
				GCC_DYNAMIC_NO_PIC = NO;
				GCC_OPTIMIZATION_LEVEL = 0;
				GCC_PREPROCESSOR_DEFINITIONS = (
					"DEBUG=1",
					"$(inherited)",
				);
				GCC_SYMBOLS_PRIVATE_EXTERN = NO;
				GCC_WARN_64_TO_32_BIT_CONVERSION = YES;
				GCC_WARN_ABOUT_RETURN_TYPE = YES_ERROR;
				GCC_WARN_UNDECLARED_SELECTOR = YES;
				GCC_WARN_UNINITIALIZED_AUTOS = YES_AGGRESSIVE;
				GCC_WARN_UNUSED_FUNCTION = YES;
				GCC_WARN_UNUSED_VARIABLE = YES;
				IPHONEOS_DEPLOYMENT_TARGET = 7.1;
				ONLY_ACTIVE_ARCH = YES;
				SDKROOT = iphoneos;
				TARGETED_DEVICE_FAMILY = "1,2";
			};
			name = Debug;
		};
		1493C9F61AFB078B00F5E7D4 /* Release */ = {
			isa = XCBuildConfiguration;
			buildSettings = {
				ALWAYS_SEARCH_USER_PATHS = NO;
				CLANG_CXX_LANGUAGE_STANDARD = "gnu++0x";
				CLANG_CXX_LIBRARY = "libc++";
				CLANG_ENABLE_MODULES = YES;
				CLANG_ENABLE_OBJC_ARC = YES;
				CLANG_WARN_BOOL_CONVERSION = YES;
				CLANG_WARN_CONSTANT_CONVERSION = YES;
				CLANG_WARN_DIRECT_OBJC_ISA_USAGE = YES_ERROR;
				CLANG_WARN_EMPTY_BODY = YES;
				CLANG_WARN_ENUM_CONVERSION = YES;
				CLANG_WARN_INT_CONVERSION = YES;
				CLANG_WARN_OBJC_ROOT_CLASS = YES_ERROR;
				CLANG_WARN__DUPLICATE_METHOD_MATCH = YES;
				"CODE_SIGN_IDENTITY[sdk=iphoneos*]" = "iPhone Developer";
				COPY_PHASE_STRIP = YES;
				ENABLE_NS_ASSERTIONS = NO;
				GCC_C_LANGUAGE_STANDARD = gnu99;
				GCC_WARN_64_TO_32_BIT_CONVERSION = YES;
				GCC_WARN_ABOUT_RETURN_TYPE = YES_ERROR;
				GCC_WARN_UNDECLARED_SELECTOR = YES;
				GCC_WARN_UNINITIALIZED_AUTOS = YES_AGGRESSIVE;
				GCC_WARN_UNUSED_FUNCTION = YES;
				GCC_WARN_UNUSED_VARIABLE = YES;
				IPHONEOS_DEPLOYMENT_TARGET = 7.1;
				SDKROOT = iphoneos;
				TARGETED_DEVICE_FAMILY = "1,2";
				VALIDATE_PRODUCT = YES;
			};
			name = Release;
		};
		1493C9F81AFB078B00F5E7D4 /* Debug */ = {
			isa = XCBuildConfiguration;
			buildSettings = {
				ASSETCATALOG_COMPILER_APPICON_NAME = AppIcon;
				ASSETCATALOG_COMPILER_LAUNCHIMAGE_NAME = LaunchImage;
				GCC_PRECOMPILE_PREFIX_HEADER = YES;
				GCC_PREFIX_HEADER = "VelhaMania/VelhaMania-Prefix.pch";
				INFOPLIST_FILE = "VelhaMania/VelhaMania-Info.plist";
				PRODUCT_NAME = "$(TARGET_NAME)";
				WRAPPER_EXTENSION = app;
			};
			name = Debug;
		};
		1493C9F91AFB078B00F5E7D4 /* Release */ = {
			isa = XCBuildConfiguration;
			buildSettings = {
				ASSETCATALOG_COMPILER_APPICON_NAME = AppIcon;
				ASSETCATALOG_COMPILER_LAUNCHIMAGE_NAME = LaunchImage;
				GCC_PRECOMPILE_PREFIX_HEADER = YES;
				GCC_PREFIX_HEADER = "VelhaMania/VelhaMania-Prefix.pch";
				INFOPLIST_FILE = "VelhaMania/VelhaMania-Info.plist";
				PRODUCT_NAME = "$(TARGET_NAME)";
				WRAPPER_EXTENSION = app;
			};
			name = Release;
		};
		1493C9FB1AFB078B00F5E7D4 /* Debug */ = {
			isa = XCBuildConfiguration;
			buildSettings = {
				BUNDLE_LOADER = "$(BUILT_PRODUCTS_DIR)/VelhaMania.app/VelhaMania";
				FRAMEWORK_SEARCH_PATHS = (
					"$(SDKROOT)/Developer/Library/Frameworks",
					"$(inherited)",
					"$(DEVELOPER_FRAMEWORKS_DIR)",
				);
				GCC_PRECOMPILE_PREFIX_HEADER = YES;
				GCC_PREFIX_HEADER = "VelhaMania/VelhaMania-Prefix.pch";
				GCC_PREPROCESSOR_DEFINITIONS = (
					"DEBUG=1",
					"$(inherited)",
				);
				INFOPLIST_FILE = "VelhaManiaTests/VelhaManiaTests-Info.plist";
				PRODUCT_NAME = "$(TARGET_NAME)";
				TEST_HOST = "$(BUNDLE_LOADER)";
				WRAPPER_EXTENSION = xctest;
			};
			name = Debug;
		};
		1493C9FC1AFB078B00F5E7D4 /* Release */ = {
			isa = XCBuildConfiguration;
			buildSettings = {
				BUNDLE_LOADER = "$(BUILT_PRODUCTS_DIR)/VelhaMania.app/VelhaMania";
				FRAMEWORK_SEARCH_PATHS = (
					"$(SDKROOT)/Developer/Library/Frameworks",
					"$(inherited)",
					"$(DEVELOPER_FRAMEWORKS_DIR)",
				);
				GCC_PRECOMPILE_PREFIX_HEADER = YES;
				GCC_PREFIX_HEADER = "VelhaMania/VelhaMania-Prefix.pch";
				INFOPLIST_FILE = "VelhaManiaTests/VelhaManiaTests-Info.plist";
				PRODUCT_NAME = "$(TARGET_NAME)";
				TEST_HOST = "$(BUNDLE_LOADER)";
				WRAPPER_EXTENSION = xctest;
			};
			name = Release;
		};
/* End XCBuildConfiguration section */

/* Begin XCConfigurationList section */
		1493C9C61AFB078B00F5E7D4 /* Build configuration list for PBXProject "VelhaMania" */ = {
			isa = XCConfigurationList;
			buildConfigurations = (
				1493C9F51AFB078B00F5E7D4 /* Debug */,
				1493C9F61AFB078B00F5E7D4 /* Release */,
			);
			defaultConfigurationIsVisible = 0;
			defaultConfigurationName = Release;
		};
		1493C9F71AFB078B00F5E7D4 /* Build configuration list for PBXNativeTarget "VelhaMania" */ = {
			isa = XCConfigurationList;
			buildConfigurations = (
				1493C9F81AFB078B00F5E7D4 /* Debug */,
				1493C9F91AFB078B00F5E7D4 /* Release */,
			);
			defaultConfigurationIsVisible = 0;
		};
		1493C9FA1AFB078B00F5E7D4 /* Build configuration list for PBXNativeTarget "VelhaManiaTests" */ = {
			isa = XCConfigurationList;
			buildConfigurations = (
				1493C9FB1AFB078B00F5E7D4 /* Debug */,
				1493C9FC1AFB078B00F5E7D4 /* Release */,
			);
			defaultConfigurationIsVisible = 0;
		};
/* End XCConfigurationList section */
	};
	rootObject = 1493C9C31AFB078B00F5E7D4 /* Project object */;
}
